
Microsoft Visual Studio Solution File, Format Version 12.00
# Visual Studio Version 17
VisualStudioVersion = 17.8.34511.84
MinimumVisualStudioVersion = 10.0.40219.1
Project("{8BC9CEB8-8B4A-11D0-8D11-00A0C91BC942}") = "MathEngine", "MathEngine\MathEngine.vcxproj", "{2E02E7AD-4B87-4AE3-96CA-268FA96626AE}"
EndProject
Project("{FAE04EC0-301F-11D3-BF4B-00C04F79EFBC}") = "PlottorUI", "PlottorUI\PlottorUI.csproj", "{623D1550-57FD-43D4-B2AE-D8D237115E1A}"
EndProject
Project("{FAE04EC0-301F-11D3-BF4B-00C04F79EFBC}") = "MathPlotterTests", "MathPlotterTests\MathPlotterTests.csproj", "{02661277-2979-49FB-978F-830AF0F9EDC6}"
EndProject
Global
	GlobalSection(SolutionConfigurationPlatforms) = preSolution
		Debug|Any CPU = Debug|Any CPU
		Debug|x64 = Debug|x64
		Debug|x86 = Debug|x86
		Release|Any CPU = Release|Any CPU
		Release|x64 = Release|x64
		Release|x86 = Release|x86
	EndGlobalSection
	GlobalSection(ProjectConfigurationPlatforms) = postSolution
		{2E02E7AD-4B87-4AE3-96CA-268FA96626AE}.Debug|Any CPU.ActiveCfg = Debug|x64
		{2E02E7AD-4B87-4AE3-96CA-268FA96626AE}.Debug|Any CPU.Build.0 = Debug|x64
		{2E02E7AD-4B87-4AE3-96CA-268FA96626AE}.Debug|x64.ActiveCfg = Debug|x64
		{2E02E7AD-4B87-4AE3-96CA-268FA96626AE}.Debug|x64.Build.0 = Debug|x64
		{2E02E7AD-4B87-4AE3-96CA-268FA96626AE}.Debug|x86.ActiveCfg = Debug|Win32
		{2E02E7AD-4B87-4AE3-96CA-268FA96626AE}.Debug|x86.Build.0 = Debug|Win32
		{2E02E7AD-4B87-4AE3-96CA-268FA96626AE}.Release|Any CPU.ActiveCfg = Release|x64
		{2E02E7AD-4B87-4AE3-96CA-268FA96626AE}.Release|Any CPU.Build.0 = Release|x64
		{2E02E7AD-4B87-4AE3-96CA-268FA96626AE}.Release|x64.ActiveCfg = Release|x64
		{2E02E7AD-4B87-4AE3-96CA-268FA96626AE}.Release|x64.Build.0 = Release|x64
		{2E02E7AD-4B87-4AE3-96CA-268FA96626AE}.Release|x86.ActiveCfg = Release|Win32
		{2E02E7AD-4B87-4AE3-96CA-268FA96626AE}.Release|x86.Build.0 = Release|Win32
		{623D1550-57FD-43D4-B2AE-D8D237115E1A}.Debug|Any CPU.ActiveCfg = Debug|Any CPU
		{623D1550-57FD-43D4-B2AE-D8D237115E1A}.Debug|Any CPU.Build.0 = Debug|Any CPU
		{623D1550-57FD-43D4-B2AE-D8D237115E1A}.Debug|x64.ActiveCfg = Debug|Any CPU
		{623D1550-57FD-43D4-B2AE-D8D237115E1A}.Debug|x64.Build.0 = Debug|Any CPU
		{623D1550-57FD-43D4-B2AE-D8D237115E1A}.Debug|x86.ActiveCfg = Debug|Any CPU
		{623D1550-57FD-43D4-B2AE-D8D237115E1A}.Debug|x86.Build.0 = Debug|Any CPU
		{623D1550-57FD-43D4-B2AE-D8D237115E1A}.Release|Any CPU.ActiveCfg = Release|Any CPU
		{623D1550-57FD-43D4-B2AE-D8D237115E1A}.Release|Any CPU.Build.0 = Release|Any CPU
		{623D1550-57FD-43D4-B2AE-D8D237115E1A}.Release|x64.ActiveCfg = Release|Any CPU
		{623D1550-57FD-43D4-B2AE-D8D237115E1A}.Release|x64.Build.0 = Release|Any CPU
		{623D1550-57FD-43D4-B2AE-D8D237115E1A}.Release|x86.ActiveCfg = Release|Any CPU
		{623D1550-57FD-43D4-B2AE-D8D237115E1A}.Release|x86.Build.0 = Release|Any CPU
		{02661277-2979-49FB-978F-830AF0F9EDC6}.Debug|Any CPU.ActiveCfg = Debug|Any CPU
		{02661277-2979-49FB-978F-830AF0F9EDC6}.Debug|Any CPU.Build.0 = Debug|Any CPU
		{02661277-2979-49FB-978F-830AF0F9EDC6}.Debug|x64.ActiveCfg = Debug|Any CPU
		{02661277-2979-49FB-978F-830AF0F9EDC6}.Debug|x64.Build.0 = Debug|Any CPU
		{02661277-2979-49FB-978F-830AF0F9EDC6}.Debug|x86.ActiveCfg = Debug|Any CPU
		{02661277-2979-49FB-978F-830AF0F9EDC6}.Debug|x86.Build.0 = Debug|Any CPU
		{02661277-2979-49FB-978F-830AF0F9EDC6}.Release|Any CPU.ActiveCfg = Release|Any CPU
		{02661277-2979-49FB-978F-830AF0F9EDC6}.Release|Any CPU.Build.0 = Release|Any CPU
		{02661277-2979-49FB-978F-830AF0F9EDC6}.Release|x64.ActiveCfg = Release|Any CPU
		{02661277-2979-49FB-978F-830AF0F9EDC6}.Release|x64.Build.0 = Release|Any CPU
		{02661277-2979-49FB-978F-830AF0F9EDC6}.Release|x86.ActiveCfg = Release|Any CPU
		{02661277-2979-49FB-978F-830AF0F9EDC6}.Release|x86.Build.0 = Release|Any CPU
	EndGlobalSection
	GlobalSection(SolutionProperties) = preSolution
		HideSolutionNode = FALSE
	EndGlobalSection
	GlobalSection(ExtensibilityGlobals) = postSolution
		SolutionGuid = {DAC92F0D-2F16-40D4-8611-E715E0053B55}
	EndGlobalSection
EndGlobal
